<?xml version="1.0" encoding="utf-8"?>
<Project ToolsVersion="4.0" xmlns="http://schemas.microsoft.com/developer/msbuild/2003">
  <ItemGroup>
    <Filter Include="Quelldateien">
      <UniqueIdentifier>{4FC737F1-C7A5-4376-A066-2A32D752A2FF}</UniqueIdentifier>
      <Extensions>cpp;c;cc;cxx;c++;cppm;ixx;def;odl;idl;hpj;bat;asm;asmx</Extensions>
    </Filter>
    <Filter Include="Headerdateien">
      <UniqueIdentifier>{93995380-89BD-4b04-88EB-625FBE52EBFB}</UniqueIdentifier>
      <Extensions>h;hh;hpp;hxx;h++;hm;inl;inc;ipp;xsd</Extensions>
    </Filter>
    <Filter Include="Ressourcendateien">
      <UniqueIdentifier>{67DA6AB6-F800-4c08-8B7A-83BB121AAD01}</UniqueIdentifier>
      <Extensions>rc;ico;cur;bmp;dlg;rc2;rct;bin;rgs;gif;jpg;jpeg;jpe;resx;tiff;tif;png;wav;mfcribbon-ms</Extensions>
    </Filter>
  </ItemGroup>
  <ItemGroup>
    <ClCompile Include="flat-v6.cpp">
      <Filter>Quelldateien</Filter>
    </ClCompile>
    <ClCompile Include="type\type.cpp">
      <Filter>Quelldateien</Filter>
    </ClCompile>
    <ClCompile Include="parser\lexer.cpp">
      <Filter>Quelldateien</Filter>
    </ClCompile>
    <ClCompile Include="parser\parser.cpp">
      <Filter>Quelldateien</Filter>
    </ClCompile>
    <ClCompile Include="passes\semantic_pass.cpp">
      <Filter>Quelldateien</Filter>
    </ClCompile>
    <ClCompile Include="passes\lowering_pass.cpp">
      <Filter>Quelldateien</Filter>
    </ClCompile>
    <ClCompile Include="passes\codegen_pass.cpp">
      <Filter>Quelldateien</Filter>
    </ClCompile>
    <ClCompile Include="pch.cpp">
      <Filter>Quelldateien</Filter>
    </ClCompile>
    <ClCompile Include="util\error_logger.cpp">
      <Filter>Quelldateien</Filter>
    </ClCompile>
    <ClCompile Include="compiler.cpp">
      <Filter>Quelldateien</Filter>
    </ClCompile>
  </ItemGroup>
  <ItemGroup>
    <ClInclude Include="data\enum.hpp">
      <Filter>Headerdateien</Filter>
    </ClInclude>
    <ClInclude Include="data\ast.hpp">
      <Filter>Headerdateien</Filter>
    </ClInclude>
    <ClInclude Include="data\token.hpp">
      <Filter>Headerdateien</Filter>
    </ClInclude>
    <ClInclude Include="data\operator.hpp">
      <Filter>Headerdateien</Filter>
    </ClInclude>
    <ClInclude Include="type\type.hpp">
      <Filter>Headerdateien</Filter>
    </ClInclude>
    <ClInclude Include="parser\lexer.hpp">
      <Filter>Headerdateien</Filter>
    </ClInclude>
    <ClInclude Include="parser\parser.hpp">
      <Filter>Headerdateien</Filter>
    </ClInclude>
    <ClInclude Include="passes\semantic_pass.hpp">
      <Filter>Headerdateien</Filter>
    </ClInclude>
    <ClInclude Include="passes\lowering_pass.hpp">
      <Filter>Headerdateien</Filter>
    </ClInclude>
    <ClInclude Include="passes\codegen_pass.hpp">
      <Filter>Headerdateien</Filter>
    </ClInclude>
    <ClInclude Include="pch.h">
      <Filter>Headerdateien</Filter>
    </ClInclude>
    <ClInclude Include="util\error_logger.hpp">
      <Filter>Headerdateien</Filter>
    </ClInclude>
    <ClInclude Include="compiler.hpp">
      <Filter>Headerdateien</Filter>
    </ClInclude>
    <ClInclude Include="util\string_switch.hpp">
      <Filter>Headerdateien</Filter>
    </ClInclude>
  </ItemGroup>
</Project>